# THIS IS AN AUTOGENERATED FILE. DO NOT EDIT THIS FILE DIRECTLY.
# yarn lockfile v1


prettier-plugin-tailwindcss@^0.2.5:
  version "0.2.5"
  resolved "https://registry.yarnpkg.com/prettier-plugin-tailwindcss/-/prettier-plugin-tailwindcss-0.2.5.tgz#fb9f07f22d0658fdedbf4d83254bf907656f7500"
  integrity sha512-vZ/iKieyCx0WTxHbkf5E1rBlv/ybFk8WTT4hL5W2jlVxum2Zbe0jMUpuQdDrpa4z2vnPiJ5KIWCqL/kd16fKYg==
